
Microsoft Visual Studio Solution File, Format Version 12.00
# Visual Studio Version 16
VisualStudioVersion = 16.0.36107.64
MinimumVisualStudioVersion = 10.0.40219.1
Project("{FAE04EC0-301F-11D3-BF4B-00C04F79EFBC}") = "Pract_Text", "Pract_Text\Pract_Text.csproj", "{3E1A752E-8AB0-4216-BADB-854D5D301D8A}"
EndProject
Global
	GlobalSection(SolutionConfigurationPlatforms) = preSolution
		Debug|Any CPU = Debug|Any CPU
		Release|Any CPU = Release|Any CPU
	EndGlobalSection
	GlobalSection(ProjectConfigurationPlatforms) = postSolution
		{3E1A752E-8AB0-4216-BADB-854D5D301D8A}.Debug|Any CPU.ActiveCfg = Debug|Any CPU
		{3E1A752E-8AB0-4216-BADB-854D5D301D8A}.Debug|Any CPU.Build.0 = Debug|Any CPU
		{3E1A752E-8AB0-4216-BADB-854D5D301D8A}.Release|Any CPU.ActiveCfg = Release|Any CPU
		{3E1A752E-8AB0-4216-BADB-854D5D301D8A}.Release|Any CPU.Build.0 = Release|Any CPU
	EndGlobalSection
	GlobalSection(SolutionProperties) = preSolution
		HideSolutionNode = FALSE
	EndGlobalSection
	GlobalSection(ExtensibilityGlobals) = postSolution
		SolutionGuid = {4996DBFC-FD3A-4044-BA4B-B193407C591C}
	EndGlobalSection
EndGlobal
